// !$*UTF8*$!
{
	archiveVersion = 1;
	classes = {
	};
	objectVersion = 56;
	objects = {

/* Begin PBXBuildFile section */
		BF8C257A2E09D2F8005F9955 /* AppMain.swift in Sources */ = {isa = PBXBuildFile; fileRef = BF8C25792E09D2F8005F9955 /* AppMain.swift */; };
		BF8C257C2E09D2F8005F9955 /* HomeView.swift in Sources */ = {isa = PBXBuildFile; fileRef = BF8C257B2E09D2F8005F9955 /* HomeView.swift */; };
		BF8C257E2E09D2FC005F9955 /* Assets.xcassets in Resources */ = {isa = PBXBuildFile; fileRef = BF8C257D2E09D2FC005F9955 /* Assets.xcassets */; };
		BF8C25812E09D2FC005F9955 /* Preview Assets.xcassets in Resources */ = {isa = PBXBuildFile; fileRef = BF8C25802E09D2FC005F9955 /* Preview Assets.xcassets */; };
		BFEBFBA02E09DF340087C40A /* HomeViewModel.swift in Sources */ = {isa = PBXBuildFile; fileRef = BFEBFB9F2E09DF340087C40A /* HomeViewModel.swift */; };
		BFEBFBA22E09DF870087C40A /* Stream.swift in Sources */ = {isa = PBXBuildFile; fileRef = BFEBFBA12E09DF870087C40A /* Stream.swift */; };
		BFEBFBA42E09E0030087C40A /* StreamService.swift in Sources */ = {isa = PBXBuildFile; fileRef = BFEBFBA32E09E0030087C40A /* StreamService.swift */; };
		BFEBFBA62E09E1430087C40A /* StreamCardView.swift in Sources */ = {isa = PBXBuildFile; fileRef = BFEBFBA52E09E1430087C40A /* StreamCardView.swift */; };
		BFEBFBAA2E09E5200087C40A /* StreamDetailView.swift in Sources */ = {isa = PBXBuildFile; fileRef = BFEBFBA92E09E5200087C40A /* StreamDetailView.swift */; };
		BFEBFBAC2E09E52B0087C40A /* StreamDetailViewModel.swift in Sources */ = {isa = PBXBuildFile; fileRef = BFEBFBAB2E09E52B0087C40A /* StreamDetailViewModel.swift */; };
		BFEBFBAE2E09E5360087C40A /* StreamPlayerView.swift in Sources */ = {isa = PBXBuildFile; fileRef = BFEBFBAD2E09E5360087C40A /* StreamPlayerView.swift */; };
		BFEBFBB62E09EEDB0087C40A /* FullScreenPlayerView.swift in Sources */ = {isa = PBXBuildFile; fileRef = BFEBFBB52E09EEDB0087C40A /* FullScreenPlayerView.swift */; };
/* End PBXBuildFile section */

/* Begin PBXFileReference section */
		BF8C25762E09D2F8005F9955 /* twitch-ios-client-clone.app */ = {isa = PBXFileReference; explicitFileType = wrapper.application; includeInIndex = 0; path = "twitch-ios-client-clone.app"; sourceTree = BUILT_PRODUCTS_DIR; };
		BF8C25792E09D2F8005F9955 /* AppMain.swift */ = {isa = PBXFileReference; lastKnownFileType = sourcecode.swift; path = AppMain.swift; sourceTree = "<group>"; };
		BF8C257B2E09D2F8005F9955 /* HomeView.swift */ = {isa = PBXFileReference; lastKnownFileType = sourcecode.swift; path = HomeView.swift; sourceTree = "<group>"; };
		BF8C257D2E09D2FC005F9955 /* Assets.xcassets */ = {isa = PBXFileReference; lastKnownFileType = folder.assetcatalog; path = Assets.xcassets; sourceTree = "<group>"; };
		BF8C25802E09D2FC005F9955 /* Preview Assets.xcassets */ = {isa = PBXFileReference; lastKnownFileType = folder.assetcatalog; path = "Preview Assets.xcassets"; sourceTree = "<group>"; };
		BFEBFB9F2E09DF340087C40A /* HomeViewModel.swift */ = {isa = PBXFileReference; lastKnownFileType = sourcecode.swift; path = HomeViewModel.swift; sourceTree = "<group>"; };
		BFEBFBA12E09DF870087C40A /* Stream.swift */ = {isa = PBXFileReference; lastKnownFileType = sourcecode.swift; path = Stream.swift; sourceTree = "<group>"; };
		BFEBFBA32E09E0030087C40A /* StreamService.swift */ = {isa = PBXFileReference; lastKnownFileType = sourcecode.swift; path = StreamService.swift; sourceTree = "<group>"; };
		BFEBFBA52E09E1430087C40A /* StreamCardView.swift */ = {isa = PBXFileReference; lastKnownFileType = sourcecode.swift; path = StreamCardView.swift; sourceTree = "<group>"; };
		BFEBFBA92E09E5200087C40A /* StreamDetailView.swift */ = {isa = PBXFileReference; lastKnownFileType = sourcecode.swift; path = StreamDetailView.swift; sourceTree = "<group>"; };
		BFEBFBAB2E09E52B0087C40A /* StreamDetailViewModel.swift */ = {isa = PBXFileReference; lastKnownFileType = sourcecode.swift; path = StreamDetailViewModel.swift; sourceTree = "<group>"; };
		BFEBFBAD2E09E5360087C40A /* StreamPlayerView.swift */ = {isa = PBXFileReference; lastKnownFileType = sourcecode.swift; path = StreamPlayerView.swift; sourceTree = "<group>"; };
		BFEBFBB52E09EEDB0087C40A /* FullScreenPlayerView.swift */ = {isa = PBXFileReference; lastKnownFileType = sourcecode.swift; path = FullScreenPlayerView.swift; sourceTree = "<group>"; };
/* End PBXFileReference section */

/* Begin PBXFrameworksBuildPhase section */
		BF8C25732E09D2F8005F9955 /* Frameworks */ = {
			isa = PBXFrameworksBuildPhase;
			buildActionMask = 2147483647;
			files = (
			);
			runOnlyForDeploymentPostprocessing = 0;
		};
/* End PBXFrameworksBuildPhase section */

/* Begin PBXGroup section */
		BF8C256D2E09D2F8005F9955 = {
			isa = PBXGroup;
			children = (
				BF8C25782E09D2F8005F9955 /* twitch-ios-client-clone */,
				BF8C25772E09D2F8005F9955 /* Products */,
			);
			sourceTree = "<group>";
		};
		BF8C25772E09D2F8005F9955 /* Products */ = {
			isa = PBXGroup;
			children = (
				BF8C25762E09D2F8005F9955 /* twitch-ios-client-clone.app */,
			);
			name = Products;
			sourceTree = "<group>";
		};
		BF8C25782E09D2F8005F9955 /* twitch-ios-client-clone */ = {
			isa = PBXGroup;
			children = (
				BF8C258B2E09DD97005F9955 /* App */,
				BF8C25882E09DD73005F9955 /* Features */,
				BF8C25892E09DD7E005F9955 /* Models */,
				BF8C258A2E09DD86005F9955 /* Services */,
				BF8C257D2E09D2FC005F9955 /* Assets.xcassets */,
				BF8C257F2E09D2FC005F9955 /* Preview Content */,
			);
			path = "twitch-ios-client-clone";
			sourceTree = "<group>";
		};
		BF8C257F2E09D2FC005F9955 /* Preview Content */ = {
			isa = PBXGroup;
			children = (
				BF8C25802E09D2FC005F9955 /* Preview Assets.xcassets */,
			);
			path = "Preview Content";
			sourceTree = "<group>";
		};
		BF8C25882E09DD73005F9955 /* Features */ = {
			isa = PBXGroup;
			children = (
				BFEBFBB02E09E7410087C40A /* SharedViews */,
				BFEBFBA82E09E5090087C40A /* StreamDetail */,
				BF8C258C2E09DDC7005F9955 /* Home */,
			);
			path = Features;
			sourceTree = "<group>";
		};
		BF8C25892E09DD7E005F9955 /* Models */ = {
			isa = PBXGroup;
			children = (
				BFEBFBA12E09DF870087C40A /* Stream.swift */,
			);
			path = Models;
			sourceTree = "<group>";
		};
		BF8C258A2E09DD86005F9955 /* Services */ = {
			isa = PBXGroup;
			children = (
				BFEBFBA32E09E0030087C40A /* StreamService.swift */,
			);
			path = Services;
			sourceTree = "<group>";
		};
		BF8C258B2E09DD97005F9955 /* App */ = {
			isa = PBXGroup;
			children = (
				BF8C25792E09D2F8005F9955 /* AppMain.swift */,
			);
			path = App;
			sourceTree = "<group>";
		};
		BF8C258C2E09DDC7005F9955 /* Home */ = {
			isa = PBXGroup;
			children = (
				BF8C257B2E09D2F8005F9955 /* HomeView.swift */,
				BFEBFB9F2E09DF340087C40A /* HomeViewModel.swift */,
				BFEBFBA52E09E1430087C40A /* StreamCardView.swift */,
			);
			path = Home;
			sourceTree = "<group>";
		};
		BFEBFBA82E09E5090087C40A /* StreamDetail */ = {
			isa = PBXGroup;
			children = (
				BFEBFBA92E09E5200087C40A /* StreamDetailView.swift */,
				BFEBFBAB2E09E52B0087C40A /* StreamDetailViewModel.swift */,
				BFEBFBAD2E09E5360087C40A /* StreamPlayerView.swift */,
			);
			path = StreamDetail;
			sourceTree = "<group>";
		};
		BFEBFBB02E09E7410087C40A /* SharedViews */ = {
			isa = PBXGroup;
			children = (
				BFEBFBB52E09EEDB0087C40A /* FullScreenPlayerView.swift */,
			);
			path = SharedViews;
			sourceTree = "<group>";
		};
/* End PBXGroup section */

/* Begin PBXNativeTarget section */
		BF8C25752E09D2F8005F9955 /* twitch-ios-client-clone */ = {
			isa = PBXNativeTarget;
			buildConfigurationList = BF8C25842E09D2FC005F9955 /* Build configuration list for PBXNativeTarget "twitch-ios-client-clone" */;
			buildPhases = (
				BF8C25722E09D2F8005F9955 /* Sources */,
				BF8C25732E09D2F8005F9955 /* Frameworks */,
				BF8C25742E09D2F8005F9955 /* Resources */,
			);
			buildRules = (
			);
			dependencies = (
			);
			name = "twitch-ios-client-clone";
			productName = "twitch-ios-client-clone";
			productReference = BF8C25762E09D2F8005F9955 /* twitch-ios-client-clone.app */;
			productType = "com.apple.product-type.application";
		};
/* End PBXNativeTarget section */

/* Begin PBXProject section */
		BF8C256E2E09D2F8005F9955 /* Project object */ = {
			isa = PBXProject;
			attributes = {
				BuildIndependentTargetsInParallel = 1;
				LastSwiftUpdateCheck = 1420;
				LastUpgradeCheck = 1420;
				TargetAttributes = {
					BF8C25752E09D2F8005F9955 = {
						CreatedOnToolsVersion = 14.2;
					};
				};
			};
			buildConfigurationList = BF8C25712E09D2F8005F9955 /* Build configuration list for PBXProject "twitch-ios-client-clone" */;
			compatibilityVersion = "Xcode 14.0";
			developmentRegion = en;
			hasScannedForEncodings = 0;
			knownRegions = (
				en,
				Base,
			);
			mainGroup = BF8C256D2E09D2F8005F9955;
			productRefGroup = BF8C25772E09D2F8005F9955 /* Products */;
			projectDirPath = "";
			projectRoot = "";
			targets = (
				BF8C25752E09D2F8005F9955 /* twitch-ios-client-clone */,
			);
		};
/* End PBXProject section */

/* Begin PBXResourcesBuildPhase section */
		BF8C25742E09D2F8005F9955 /* Resources */ = {
			isa = PBXResourcesBuildPhase;
			buildActionMask = 2147483647;
			files = (
				BF8C25812E09D2FC005F9955 /* Preview Assets.xcassets in Resources */,
				BF8C257E2E09D2FC005F9955 /* Assets.xcassets in Resources */,
			);
			runOnlyForDeploymentPostprocessing = 0;
		};
/* End PBXResourcesBuildPhase section */

/* Begin PBXSourcesBuildPhase section */
		BF8C25722E09D2F8005F9955 /* Sources */ = {
			isa = PBXSourcesBuildPhase;
			buildActionMask = 2147483647;
			files = (
				BF8C257C2E09D2F8005F9955 /* HomeView.swift in Sources */,
				BFEBFBAC2E09E52B0087C40A /* StreamDetailViewModel.swift in Sources */,
				BFEBFBB62E09EEDB0087C40A /* FullScreenPlayerView.swift in Sources */,
				BFEBFBA42E09E0030087C40A /* StreamService.swift in Sources */,
				BFEBFBA02E09DF340087C40A /* HomeViewModel.swift in Sources */,
				BFEBFBAA2E09E5200087C40A /* StreamDetailView.swift in Sources */,
				BF8C257A2E09D2F8005F9955 /* AppMain.swift in Sources */,
				BFEBFBAE2E09E5360087C40A /* StreamPlayerView.swift in Sources */,
				BFEBFBA62E09E1430087C40A /* StreamCardView.swift in Sources */,
				BFEBFBA22E09DF870087C40A /* Stream.swift in Sources */,
			);
			runOnlyForDeploymentPostprocessing = 0;
		};
/* End PBXSourcesBuildPhase section */

/* Begin XCBuildConfiguration section */
		BF8C25822E09D2FC005F9955 /* Debug */ = {
			isa = XCBuildConfiguration;
			buildSettings = {
				ALWAYS_SEARCH_USER_PATHS = NO;
				CLANG_ANALYZER_NONNULL = YES;
				CLANG_ANALYZER_NUMBER_OBJECT_CONVERSION = YES_AGGRESSIVE;
				CLANG_CXX_LANGUAGE_STANDARD = "gnu++20";
				CLANG_ENABLE_MODULES = YES;
				CLANG_ENABLE_OBJC_ARC = YES;
				CLANG_ENABLE_OBJC_WEAK = YES;
				CLANG_WARN_BLOCK_CAPTURE_AUTORELEASING = YES;
				CLANG_WARN_BOOL_CONVERSION = YES;
				CLANG_WARN_COMMA = YES;
				CLANG_WARN_CONSTANT_CONVERSION = YES;
				CLANG_WARN_DEPRECATED_OBJC_IMPLEMENTATIONS = YES;
				CLANG_WARN_DIRECT_OBJC_ISA_USAGE = YES_ERROR;
				CLANG_WARN_DOCUMENTATION_COMMENTS = YES;
				CLANG_WARN_EMPTY_BODY = YES;
				CLANG_WARN_ENUM_CONVERSION = YES;
				CLANG_WARN_INFINITE_RECURSION = YES;
				CLANG_WARN_INT_CONVERSION = YES;
				CLANG_WARN_NON_LITERAL_NULL_CONVERSION = YES;
				CLANG_WARN_OBJC_IMPLICIT_RETAIN_SELF = YES;
				CLANG_WARN_OBJC_LITERAL_CONVERSION = YES;
				CLANG_WARN_OBJC_ROOT_CLASS = YES_ERROR;
				CLANG_WARN_QUOTED_INCLUDE_IN_FRAMEWORK_HEADER = YES;
				CLANG_WARN_RANGE_LOOP_ANALYSIS = YES;
				CLANG_WARN_STRICT_PROTOTYPES = YES;
				CLANG_WARN_SUSPICIOUS_MOVE = YES;
				CLANG_WARN_UNGUARDED_AVAILABILITY = YES_AGGRESSIVE;
				CLANG_WARN_UNREACHABLE_CODE = YES;
				CLANG_WARN__DUPLICATE_METHOD_MATCH = YES;
				COPY_PHASE_STRIP = NO;
				DEBUG_INFORMATION_FORMAT = dwarf;
				ENABLE_STRICT_OBJC_MSGSEND = YES;
				ENABLE_TESTABILITY = YES;
				GCC_C_LANGUAGE_STANDARD = gnu11;
				GCC_DYNAMIC_NO_PIC = NO;
				GCC_NO_COMMON_BLOCKS = YES;
				GCC_OPTIMIZATION_LEVEL = 0;
				GCC_PREPROCESSOR_DEFINITIONS = (
					"DEBUG=1",
					"$(inherited)",
				);
				GCC_WARN_64_TO_32_BIT_CONVERSION = YES;
				GCC_WARN_ABOUT_RETURN_TYPE = YES_ERROR;
				GCC_WARN_UNDECLARED_SELECTOR = YES;
				GCC_WARN_UNINITIALIZED_AUTOS = YES_AGGRESSIVE;
				GCC_WARN_UNUSED_FUNCTION = YES;
				GCC_WARN_UNUSED_VARIABLE = YES;
				IPHONEOS_DEPLOYMENT_TARGET = 16.2;
				MTL_ENABLE_DEBUG_INFO = INCLUDE_SOURCE;
				MTL_FAST_MATH = YES;
				ONLY_ACTIVE_ARCH = YES;
				SDKROOT = iphoneos;
				SWIFT_ACTIVE_COMPILATION_CONDITIONS = DEBUG;
				SWIFT_OPTIMIZATION_LEVEL = "-Onone";
			};
			name = Debug;
		};
		BF8C25832E09D2FC005F9955 /* Release */ = {
			isa = XCBuildConfiguration;
			buildSettings = {
				ALWAYS_SEARCH_USER_PATHS = NO;
				CLANG_ANALYZER_NONNULL = YES;
				CLANG_ANALYZER_NUMBER_OBJECT_CONVERSION = YES_AGGRESSIVE;
				CLANG_CXX_LANGUAGE_STANDARD = "gnu++20";
				CLANG_ENABLE_MODULES = YES;
				CLANG_ENABLE_OBJC_ARC = YES;
				CLANG_ENABLE_OBJC_WEAK = YES;
				CLANG_WARN_BLOCK_CAPTURE_AUTORELEASING = YES;
				CLANG_WARN_BOOL_CONVERSION = YES;
				CLANG_WARN_COMMA = YES;
				CLANG_WARN_CONSTANT_CONVERSION = YES;
				CLANG_WARN_DEPRECATED_OBJC_IMPLEMENTATIONS = YES;
				CLANG_WARN_DIRECT_OBJC_ISA_USAGE = YES_ERROR;
				CLANG_WARN_DOCUMENTATION_COMMENTS = YES;
				CLANG_WARN_EMPTY_BODY = YES;
				CLANG_WARN_ENUM_CONVERSION = YES;
				CLANG_WARN_INFINITE_RECURSION = YES;
				CLANG_WARN_INT_CONVERSION = YES;
				CLANG_WARN_NON_LITERAL_NULL_CONVERSION = YES;
				CLANG_WARN_OBJC_IMPLICIT_RETAIN_SELF = YES;
				CLANG_WARN_OBJC_LITERAL_CONVERSION = YES;
				CLANG_WARN_OBJC_ROOT_CLASS = YES_ERROR;
				CLANG_WARN_QUOTED_INCLUDE_IN_FRAMEWORK_HEADER = YES;
				CLANG_WARN_RANGE_LOOP_ANALYSIS = YES;
				CLANG_WARN_STRICT_PROTOTYPES = YES;
				CLANG_WARN_SUSPICIOUS_MOVE = YES;
				CLANG_WARN_UNGUARDED_AVAILABILITY = YES_AGGRESSIVE;
				CLANG_WARN_UNREACHABLE_CODE = YES;
				CLANG_WARN__DUPLICATE_METHOD_MATCH = YES;
				COPY_PHASE_STRIP = NO;
				DEBUG_INFORMATION_FORMAT = "dwarf-with-dsym";
				ENABLE_NS_ASSERTIONS = NO;
				ENABLE_STRICT_OBJC_MSGSEND = YES;
				GCC_C_LANGUAGE_STANDARD = gnu11;
				GCC_NO_COMMON_BLOCKS = YES;
				GCC_WARN_64_TO_32_BIT_CONVERSION = YES;
				GCC_WARN_ABOUT_RETURN_TYPE = YES_ERROR;
				GCC_WARN_UNDECLARED_SELECTOR = YES;
				GCC_WARN_UNINITIALIZED_AUTOS = YES_AGGRESSIVE;
				GCC_WARN_UNUSED_FUNCTION = YES;
				GCC_WARN_UNUSED_VARIABLE = YES;
				IPHONEOS_DEPLOYMENT_TARGET = 16.2;
				MTL_ENABLE_DEBUG_INFO = NO;
				MTL_FAST_MATH = YES;
				SDKROOT = iphoneos;
				SWIFT_COMPILATION_MODE = wholemodule;
				SWIFT_OPTIMIZATION_LEVEL = "-O";
				VALIDATE_PRODUCT = YES;
			};
			name = Release;
		};
		BF8C25852E09D2FC005F9955 /* Debug */ = {
			isa = XCBuildConfiguration;
			buildSettings = {
				ASSETCATALOG_COMPILER_APPICON_NAME = AppIcon;
				ASSETCATALOG_COMPILER_GLOBAL_ACCENT_COLOR_NAME = AccentColor;
				CODE_SIGN_STYLE = Automatic;
				CURRENT_PROJECT_VERSION = 1;
				DEVELOPMENT_ASSET_PATHS = "\"twitch-ios-client-clone/Preview Content\"";
				DEVELOPMENT_TEAM = 85966X3P23;
				ENABLE_PREVIEWS = YES;
				GENERATE_INFOPLIST_FILE = YES;
				INFOPLIST_KEY_UIApplicationSceneManifest_Generation = YES;
				INFOPLIST_KEY_UIApplicationSupportsIndirectInputEvents = YES;
				INFOPLIST_KEY_UILaunchScreen_Generation = YES;
				INFOPLIST_KEY_UISupportedInterfaceOrientations_iPad = "UIInterfaceOrientationPortrait UIInterfaceOrientationPortraitUpsideDown UIInterfaceOrientationLandscapeLeft UIInterfaceOrientationLandscapeRight";
				INFOPLIST_KEY_UISupportedInterfaceOrientations_iPhone = "UIInterfaceOrientationPortrait UIInterfaceOrientationLandscapeLeft UIInterfaceOrientationLandscapeRight";
				LD_RUNPATH_SEARCH_PATHS = (
					"$(inherited)",
					"@executable_path/Frameworks",
				);
				MARKETING_VERSION = 1.0;
				PRODUCT_BUNDLE_IDENTIFIER = "com.synndicate.twitch-ios-client-clone";
				PRODUCT_NAME = "$(TARGET_NAME)";
				SWIFT_EMIT_LOC_STRINGS = YES;
				SWIFT_VERSION = 5.0;
				TARGETED_DEVICE_FAMILY = "1,2";
			};
			name = Debug;
		};
		BF8C25862E09D2FC005F9955 /* Release */ = {
			isa = XCBuildConfiguration;
			buildSettings = {
				ASSETCATALOG_COMPILER_APPICON_NAME = AppIcon;
				ASSETCATALOG_COMPILER_GLOBAL_ACCENT_COLOR_NAME = AccentColor;
				CODE_SIGN_STYLE = Automatic;
				CURRENT_PROJECT_VERSION = 1;
				DEVELOPMENT_ASSET_PATHS = "\"twitch-ios-client-clone/Preview Content\"";
				DEVELOPMENT_TEAM = 85966X3P23;
				ENABLE_PREVIEWS = YES;
				GENERATE_INFOPLIST_FILE = YES;
				INFOPLIST_KEY_UIApplicationSceneManifest_Generation = YES;
				INFOPLIST_KEY_UIApplicationSupportsIndirectInputEvents = YES;
				INFOPLIST_KEY_UILaunchScreen_Generation = YES;
				INFOPLIST_KEY_UISupportedInterfaceOrientations_iPad = "UIInterfaceOrientationPortrait UIInterfaceOrientationPortraitUpsideDown UIInterfaceOrientationLandscapeLeft UIInterfaceOrientationLandscapeRight";
				INFOPLIST_KEY_UISupportedInterfaceOrientations_iPhone = "UIInterfaceOrientationPortrait UIInterfaceOrientationLandscapeLeft UIInterfaceOrientationLandscapeRight";
				LD_RUNPATH_SEARCH_PATHS = (
					"$(inherited)",
					"@executable_path/Frameworks",
				);
				MARKETING_VERSION = 1.0;
				PRODUCT_BUNDLE_IDENTIFIER = "com.synndicate.twitch-ios-client-clone";
				PRODUCT_NAME = "$(TARGET_NAME)";
				SWIFT_EMIT_LOC_STRINGS = YES;
				SWIFT_VERSION = 5.0;
				TARGETED_DEVICE_FAMILY = "1,2";
			};
			name = Release;
		};
/* End XCBuildConfiguration section */

/* Begin XCConfigurationList section */
		BF8C25712E09D2F8005F9955 /* Build configuration list for PBXProject "twitch-ios-client-clone" */ = {
			isa = XCConfigurationList;
			buildConfigurations = (
				BF8C25822E09D2FC005F9955 /* Debug */,
				BF8C25832E09D2FC005F9955 /* Release */,
			);
			defaultConfigurationIsVisible = 0;
			defaultConfigurationName = Release;
		};
		BF8C25842E09D2FC005F9955 /* Build configuration list for PBXNativeTarget "twitch-ios-client-clone" */ = {
			isa = XCConfigurationList;
			buildConfigurations = (
				BF8C25852E09D2FC005F9955 /* Debug */,
				BF8C25862E09D2FC005F9955 /* Release */,
			);
			defaultConfigurationIsVisible = 0;
			defaultConfigurationName = Release;
		};
/* End XCConfigurationList section */
	};
	rootObject = BF8C256E2E09D2F8005F9955 /* Project object */;
}
